
Microsoft Visual Studio Solution File, Format Version 12.00
# Visual Studio Version 17
VisualStudioVersion = 17.7.34031.279
MinimumVisualStudioVersion = 10.0.40219.1
Project("{FAE04EC0-301F-11D3-BF4B-00C04F79EFBC}") = "Phase1Section4.7c", "Phase1Section4.7c\Phase1Section4.7c.csproj", "{17377179-C71B-406F-9806-41B2942D2E50}"
EndProject
Global
	GlobalSection(SolutionConfigurationPlatforms) = preSolution
		Debug|Any CPU = Debug|Any CPU
		Release|Any CPU = Release|Any CPU
	EndGlobalSection
	GlobalSection(ProjectConfigurationPlatforms) = postSolution
		{17377179-C71B-406F-9806-41B2942D2E50}.Debug|Any CPU.ActiveCfg = Debug|Any CPU
		{17377179-C71B-406F-9806-41B2942D2E50}.Debug|Any CPU.Build.0 = Debug|Any CPU
		{17377179-C71B-406F-9806-41B2942D2E50}.Release|Any CPU.ActiveCfg = Release|Any CPU
		{17377179-C71B-406F-9806-41B2942D2E50}.Release|Any CPU.Build.0 = Release|Any CPU
	EndGlobalSection
	GlobalSection(SolutionProperties) = preSolution
		HideSolutionNode = FALSE
	EndGlobalSection
	GlobalSection(ExtensibilityGlobals) = postSolution
		SolutionGuid = {FA5E9C60-47FA-43EA-9247-0B844FCA9FE9}
	EndGlobalSection
EndGlobal
